// !$*UTF8*$!
{
	archiveVersion = 1;
	classes = {
	};
	objectVersion = 50;
	objects = {

/* Begin PBXBuildFile section */
		FAE515EB24A687F900E0CA08 /* AppDelegate.swift in Sources */ = {isa = PBXBuildFile; fileRef = FAE515EA24A687F900E0CA08 /* AppDelegate.swift */; };
		FAE515ED24A687F900E0CA08 /* SceneDelegate.swift in Sources */ = {isa = PBXBuildFile; fileRef = FAE515EC24A687F900E0CA08 /* SceneDelegate.swift */; };
		FAE515EF24A687F900E0CA08 /* ContentView.swift in Sources */ = {isa = PBXBuildFile; fileRef = FAE515EE24A687F900E0CA08 /* ContentView.swift */; };
		FAE515F124A687F900E0CA08 /* Assets.xcassets in Resources */ = {isa = PBXBuildFile; fileRef = FAE515F024A687F900E0CA08 /* Assets.xcassets */; };
		FAE515F724A687F900E0CA08 /* LaunchScreen.storyboard in Resources */ = {isa = PBXBuildFile; fileRef = FAE515F524A687F900E0CA08 /* LaunchScreen.storyboard */; };
		FAE5161224A68CAB00E0CA08 /* SpotsCoreUI.framework in Frameworks */ = {isa = PBXBuildFile; fileRef = FAE5161124A68CAB00E0CA08 /* SpotsCoreUI.framework */; };
/* End PBXBuildFile section */

/* Begin PBXContainerItemProxy section */
		FAE515FE24A687FA00E0CA08 /* PBXContainerItemProxy */ = {
			isa = PBXContainerItemProxy;
			containerPortal = FAE515DF24A687F900E0CA08 /* Project object */;
			proxyType = 1;
			remoteGlobalIDString = FAE515E624A687F900E0CA08;
			remoteInfo = Spots;
		};
/* End PBXContainerItemProxy section */

/* Begin PBXFileReference section */
		FAE515E724A687F900E0CA08 /* Spots.app */ = {isa = PBXFileReference; explicitFileType = wrapper.application; includeInIndex = 0; path = Spots.app; sourceTree = BUILT_PRODUCTS_DIR; };
		FAE515EA24A687F900E0CA08 /* AppDelegate.swift */ = {isa = PBXFileReference; lastKnownFileType = sourcecode.swift; path = AppDelegate.swift; sourceTree = "<group>"; };
		FAE515EC24A687F900E0CA08 /* SceneDelegate.swift */ = {isa = PBXFileReference; lastKnownFileType = sourcecode.swift; path = SceneDelegate.swift; sourceTree = "<group>"; };
		FAE515EE24A687F900E0CA08 /* ContentView.swift */ = {isa = PBXFileReference; lastKnownFileType = sourcecode.swift; path = ContentView.swift; sourceTree = "<group>"; };
		FAE515F024A687F900E0CA08 /* Assets.xcassets */ = {isa = PBXFileReference; lastKnownFileType = folder.assetcatalog; path = Assets.xcassets; sourceTree = "<group>"; };
		FAE515F624A687F900E0CA08 /* Base */ = {isa = PBXFileReference; lastKnownFileType = file.storyboard; name = Base; path = Base.lproj/LaunchScreen.storyboard; sourceTree = "<group>"; };
		FAE515F824A687F900E0CA08 /* Info.plist */ = {isa = PBXFileReference; lastKnownFileType = text.plist.xml; path = Info.plist; sourceTree = "<group>"; };
		FAE515FD24A687FA00E0CA08 /* SpotsTests.xctest */ = {isa = PBXFileReference; explicitFileType = wrapper.cfbundle; includeInIndex = 0; path = SpotsTests.xctest; sourceTree = BUILT_PRODUCTS_DIR; };
		FAE5160324A687FA00E0CA08 /* Info.plist */ = {isa = PBXFileReference; lastKnownFileType = text.plist.xml; path = Info.plist; sourceTree = "<group>"; };
		FAE5161124A68CAB00E0CA08 /* SpotsCoreUI.framework */ = {isa = PBXFileReference; explicitFileType = wrapper.framework; path = SpotsCoreUI.framework; sourceTree = BUILT_PRODUCTS_DIR; };
/* End PBXFileReference section */

/* Begin PBXFrameworksBuildPhase section */
		FAE515E424A687F900E0CA08 /* Frameworks */ = {
			isa = PBXFrameworksBuildPhase;
			buildActionMask = 2147483647;
			files = (
				FAE5161224A68CAB00E0CA08 /* SpotsCoreUI.framework in Frameworks */,
			);
			runOnlyForDeploymentPostprocessing = 0;
		};
		FAE515FA24A687FA00E0CA08 /* Frameworks */ = {
			isa = PBXFrameworksBuildPhase;
			buildActionMask = 2147483647;
			files = (
			);
			runOnlyForDeploymentPostprocessing = 0;
		};
/* End PBXFrameworksBuildPhase section */

/* Begin PBXGroup section */
		FAE515DE24A687F900E0CA08 = {
			isa = PBXGroup;
			children = (
				FAE515E924A687F900E0CA08 /* Spots */,
				FAE5160024A687FA00E0CA08 /* SpotsTests */,
				FAE515E824A687F900E0CA08 /* Products */,
				FAE5161024A68CAB00E0CA08 /* Frameworks */,
			);
			sourceTree = "<group>";
		};
		FAE515E824A687F900E0CA08 /* Products */ = {
			isa = PBXGroup;
			children = (
				FAE515E724A687F900E0CA08 /* Spots.app */,
				FAE515FD24A687FA00E0CA08 /* SpotsTests.xctest */,
			);
			name = Products;
			sourceTree = "<group>";
		};
		FAE515E924A687F900E0CA08 /* Spots */ = {
			isa = PBXGroup;
			children = (
				FAE515EA24A687F900E0CA08 /* AppDelegate.swift */,
				FAE515EC24A687F900E0CA08 /* SceneDelegate.swift */,
				FAE515EE24A687F900E0CA08 /* ContentView.swift */,
				FAE515F024A687F900E0CA08 /* Assets.xcassets */,
				FAE515F524A687F900E0CA08 /* LaunchScreen.storyboard */,
				FAE515F824A687F900E0CA08 /* Info.plist */,
			);
			path = Spots;
			sourceTree = "<group>";
		};
		FAE5160024A687FA00E0CA08 /* SpotsTests */ = {
			isa = PBXGroup;
			children = (
				FAE5160324A687FA00E0CA08 /* Info.plist */,
			);
			path = SpotsTests;
			sourceTree = "<group>";
		};
		FAE5161024A68CAB00E0CA08 /* Frameworks */ = {
			isa = PBXGroup;
			children = (
				FAE5161124A68CAB00E0CA08 /* SpotsCoreUI.framework */,
			);
			name = Frameworks;
			sourceTree = "<group>";
		};
/* End PBXGroup section */

/* Begin PBXNativeTarget section */
		FAE515E624A687F900E0CA08 /* Spots */ = {
			isa = PBXNativeTarget;
			buildConfigurationList = FAE5160624A687FA00E0CA08 /* Build configuration list for PBXNativeTarget "Spots" */;
			buildPhases = (
				FAE515E324A687F900E0CA08 /* Sources */,
				FAE515E424A687F900E0CA08 /* Frameworks */,
				FAE515E524A687F900E0CA08 /* Resources */,
			);
			buildRules = (
			);
			dependencies = (
			);
			name = Spots;
			productName = Spots;
			productReference = FAE515E724A687F900E0CA08 /* Spots.app */;
			productType = "com.apple.product-type.application";
		};
		FAE515FC24A687FA00E0CA08 /* SpotsTests */ = {
			isa = PBXNativeTarget;
			buildConfigurationList = FAE5160924A687FA00E0CA08 /* Build configuration list for PBXNativeTarget "SpotsTests" */;
			buildPhases = (
				FAE515F924A687FA00E0CA08 /* Sources */,
				FAE515FA24A687FA00E0CA08 /* Frameworks */,
				FAE515FB24A687FA00E0CA08 /* Resources */,
			);
			buildRules = (
			);
			dependencies = (
				FAE515FF24A687FA00E0CA08 /* PBXTargetDependency */,
			);
			name = SpotsTests;
			productName = SpotsTests;
			productReference = FAE515FD24A687FA00E0CA08 /* SpotsTests.xctest */;
			productType = "com.apple.product-type.bundle.unit-test";
		};
/* End PBXNativeTarget section */

/* Begin PBXProject section */
		FAE515DF24A687F900E0CA08 /* Project object */ = {
			isa = PBXProject;
			attributes = {
				LastSwiftUpdateCheck = 1130;
				LastUpgradeCheck = 1130;
				ORGANIZATIONNAME = Alex;
				TargetAttributes = {
					FAE515E624A687F900E0CA08 = {
						CreatedOnToolsVersion = 11.3.1;
					};
					FAE515FC24A687FA00E0CA08 = {
						CreatedOnToolsVersion = 11.3.1;
						TestTargetID = FAE515E624A687F900E0CA08;
					};
				};
			};
			buildConfigurationList = FAE515E224A687F900E0CA08 /* Build configuration list for PBXProject "Spots" */;
			compatibilityVersion = "Xcode 9.3";
			developmentRegion = en;
			hasScannedForEncodings = 0;
			knownRegions = (
				en,
				Base,
			);
			mainGroup = FAE515DE24A687F900E0CA08;
			productRefGroup = FAE515E824A687F900E0CA08 /* Products */;
			projectDirPath = "";
			projectRoot = "";
			targets = (
				FAE515E624A687F900E0CA08 /* Spots */,
				FAE515FC24A687FA00E0CA08 /* SpotsTests */,
			);
		};
/* End PBXProject section */

/* Begin PBXResourcesBuildPhase section */
		FAE515E524A687F900E0CA08 /* Resources */ = {
			isa = PBXResourcesBuildPhase;
			buildActionMask = 2147483647;
			files = (
				FAE515F724A687F900E0CA08 /* LaunchScreen.storyboard in Resources */,
				FAE515F124A687F900E0CA08 /* Assets.xcassets in Resources */,
			);
			runOnlyForDeploymentPostprocessing = 0;
		};
		FAE515FB24A687FA00E0CA08 /* Resources */ = {
			isa = PBXResourcesBuildPhase;
			buildActionMask = 2147483647;
			files = (
			);
			runOnlyForDeploymentPostprocessing = 0;
		};
/* End PBXResourcesBuildPhase section */

/* Begin PBXSourcesBuildPhase section */
		FAE515E324A687F900E0CA08 /* Sources */ = {
			isa = PBXSourcesBuildPhase;
			buildActionMask = 2147483647;
			files = (
				FAE515EB24A687F900E0CA08 /* AppDelegate.swift in Sources */,
				FAE515ED24A687F900E0CA08 /* SceneDelegate.swift in Sources */,
				FAE515EF24A687F900E0CA08 /* ContentView.swift in Sources */,
			);
			runOnlyForDeploymentPostprocessing = 0;
		};
		FAE515F924A687FA00E0CA08 /* Sources */ = {
			isa = PBXSourcesBuildPhase;
			buildActionMask = 2147483647;
			files = (
			);
			runOnlyForDeploymentPostprocessing = 0;
		};
/* End PBXSourcesBuildPhase section */

/* Begin PBXTargetDependency section */
		FAE515FF24A687FA00E0CA08 /* PBXTargetDependency */ = {
			isa = PBXTargetDependency;
			target = FAE515E624A687F900E0CA08 /* Spots */;
			targetProxy = FAE515FE24A687FA00E0CA08 /* PBXContainerItemProxy */;
		};
/* End PBXTargetDependency section */

/* Begin PBXVariantGroup section */
		FAE515F524A687F900E0CA08 /* LaunchScreen.storyboard */ = {
			isa = PBXVariantGroup;
			children = (
				FAE515F624A687F900E0CA08 /* Base */,
			);
			name = LaunchScreen.storyboard;
			sourceTree = "<group>";
		};
/* End PBXVariantGroup section */

/* Begin XCBuildConfiguration section */
		FAE5160424A687FA00E0CA08 /* Debug */ = {
			isa = XCBuildConfiguration;
			buildSettings = {
				ALWAYS_SEARCH_USER_PATHS = NO;
				CLANG_ANALYZER_NONNULL = YES;
				CLANG_ANALYZER_NUMBER_OBJECT_CONVERSION = YES_AGGRESSIVE;
				CLANG_CXX_LANGUAGE_STANDARD = "gnu++14";
				CLANG_CXX_LIBRARY = "libc++";
				CLANG_ENABLE_MODULES = YES;
				CLANG_ENABLE_OBJC_ARC = YES;
				CLANG_ENABLE_OBJC_WEAK = YES;
				CLANG_WARN_BLOCK_CAPTURE_AUTORELEASING = YES;
				CLANG_WARN_BOOL_CONVERSION = YES;
				CLANG_WARN_COMMA = YES;
				CLANG_WARN_CONSTANT_CONVERSION = YES;
				CLANG_WARN_DEPRECATED_OBJC_IMPLEMENTATIONS = YES;
				CLANG_WARN_DIRECT_OBJC_ISA_USAGE = YES_ERROR;
				CLANG_WARN_DOCUMENTATION_COMMENTS = YES;
				CLANG_WARN_EMPTY_BODY = YES;
				CLANG_WARN_ENUM_CONVERSION = YES;
				CLANG_WARN_INFINITE_RECURSION = YES;
				CLANG_WARN_INT_CONVERSION = YES;
				CLANG_WARN_NON_LITERAL_NULL_CONVERSION = YES;
				CLANG_WARN_OBJC_IMPLICIT_RETAIN_SELF = YES;
				CLANG_WARN_OBJC_LITERAL_CONVERSION = YES;
				CLANG_WARN_OBJC_ROOT_CLASS = YES_ERROR;
				CLANG_WARN_RANGE_LOOP_ANALYSIS = YES;
				CLANG_WARN_STRICT_PROTOTYPES = YES;
				CLANG_WARN_SUSPICIOUS_MOVE = YES;
				CLANG_WARN_UNGUARDED_AVAILABILITY = YES_AGGRESSIVE;
				CLANG_WARN_UNREACHABLE_CODE = YES;
				CLANG_WARN__DUPLICATE_METHOD_MATCH = YES;
				COPY_PHASE_STRIP = NO;
				DEBUG_INFORMATION_FORMAT = dwarf;
				ENABLE_STRICT_OBJC_MSGSEND = YES;
				ENABLE_TESTABILITY = YES;
				GCC_C_LANGUAGE_STANDARD = gnu11;
				GCC_DYNAMIC_NO_PIC = NO;
				GCC_NO_COMMON_BLOCKS = YES;
				GCC_OPTIMIZATION_LEVEL = 0;
				GCC_PREPROCESSOR_DEFINITIONS = (
					"DEBUG=1",
					"$(inherited)",
				);
				GCC_WARN_64_TO_32_BIT_CONVERSION = YES;
				GCC_WARN_ABOUT_RETURN_TYPE = YES_ERROR;
				GCC_WARN_UNDECLARED_SELECTOR = YES;
				GCC_WARN_UNINITIALIZED_AUTOS = YES_AGGRESSIVE;
				GCC_WARN_UNUSED_FUNCTION = YES;
				GCC_WARN_UNUSED_VARIABLE = YES;
				IPHONEOS_DEPLOYMENT_TARGET = 13.2;
				MTL_ENABLE_DEBUG_INFO = INCLUDE_SOURCE;
				MTL_FAST_MATH = YES;
				ONLY_ACTIVE_ARCH = YES;
				SDKROOT = iphoneos;
				SWIFT_ACTIVE_COMPILATION_CONDITIONS = DEBUG;
				SWIFT_OPTIMIZATION_LEVEL = "-Onone";
			};
			name = Debug;
		};
		FAE5160524A687FA00E0CA08 /* Release */ = {
			isa = XCBuildConfiguration;
			buildSettings = {
				ALWAYS_SEARCH_USER_PATHS = NO;
				CLANG_ANALYZER_NONNULL = YES;
				CLANG_ANALYZER_NUMBER_OBJECT_CONVERSION = YES_AGGRESSIVE;
				CLANG_CXX_LANGUAGE_STANDARD = "gnu++14";
				CLANG_CXX_LIBRARY = "libc++";
				CLANG_ENABLE_MODULES = YES;
				CLANG_ENABLE_OBJC_ARC = YES;
				CLANG_ENABLE_OBJC_WEAK = YES;
				CLANG_WARN_BLOCK_CAPTURE_AUTORELEASING = YES;
				CLANG_WARN_BOOL_CONVERSION = YES;
				CLANG_WARN_COMMA = YES;
				CLANG_WARN_CONSTANT_CONVERSION = YES;
				CLANG_WARN_DEPRECATED_OBJC_IMPLEMENTATIONS = YES;
				CLANG_WARN_DIRECT_OBJC_ISA_USAGE = YES_ERROR;
				CLANG_WARN_DOCUMENTATION_COMMENTS = YES;
				CLANG_WARN_EMPTY_BODY = YES;
				CLANG_WARN_ENUM_CONVERSION = YES;
				CLANG_WARN_INFINITE_RECURSION = YES;
				CLANG_WARN_INT_CONVERSION = YES;
				CLANG_WARN_NON_LITERAL_NULL_CONVERSION = YES;
				CLANG_WARN_OBJC_IMPLICIT_RETAIN_SELF = YES;
				CLANG_WARN_OBJC_LITERAL_CONVERSION = YES;
				CLANG_WARN_OBJC_ROOT_CLASS = YES_ERROR;
				CLANG_WARN_RANGE_LOOP_ANALYSIS = YES;
				CLANG_WARN_STRICT_PROTOTYPES = YES;
				CLANG_WARN_SUSPICIOUS_MOVE = YES;
				CLANG_WARN_UNGUARDED_AVAILABILITY = YES_AGGRESSIVE;
				CLANG_WARN_UNREACHABLE_CODE = YES;
				CLANG_WARN__DUPLICATE_METHOD_MATCH = YES;
				COPY_PHASE_STRIP = NO;
				DEBUG_INFORMATION_FORMAT = "dwarf-with-dsym";
				ENABLE_NS_ASSERTIONS = NO;
				ENABLE_STRICT_OBJC_MSGSEND = YES;
				GCC_C_LANGUAGE_STANDARD = gnu11;
				GCC_NO_COMMON_BLOCKS = YES;
				GCC_WARN_64_TO_32_BIT_CONVERSION = YES;
				GCC_WARN_ABOUT_RETURN_TYPE = YES_ERROR;
				GCC_WARN_UNDECLARED_SELECTOR = YES;
				GCC_WARN_UNINITIALIZED_AUTOS = YES_AGGRESSIVE;
				GCC_WARN_UNUSED_FUNCTION = YES;
				GCC_WARN_UNUSED_VARIABLE = YES;
				IPHONEOS_DEPLOYMENT_TARGET = 13.2;
				MTL_ENABLE_DEBUG_INFO = NO;
				MTL_FAST_MATH = YES;
				SDKROOT = iphoneos;
				SWIFT_COMPILATION_MODE = wholemodule;
				SWIFT_OPTIMIZATION_LEVEL = "-O";
				VALIDATE_PRODUCT = YES;
			};
			name = Release;
		};
		FAE5160724A687FA00E0CA08 /* Debug */ = {
			isa = XCBuildConfiguration;
			buildSettings = {
				ASSETCATALOG_COMPILER_APPICON_NAME = AppIcon;
				CODE_SIGN_STYLE = Automatic;
				DEVELOPMENT_ASSET_PATHS = "\"Spots/Preview Content\"";
				DEVELOPMENT_TEAM = CWCTLCYKBW;
				ENABLE_PREVIEWS = YES;
				INFOPLIST_FILE = Spots/Info.plist;
				LD_RUNPATH_SEARCH_PATHS = (
					"$(inherited)",
					"@executable_path/Frameworks",
				);
				PRODUCT_BUNDLE_IDENTIFIER = Alex.Spots;
				PRODUCT_NAME = "$(TARGET_NAME)";
				SWIFT_VERSION = 5.0;
				TARGETED_DEVICE_FAMILY = "1,2";
			};
			name = Debug;
		};
		FAE5160824A687FA00E0CA08 /* Release */ = {
			isa = XCBuildConfiguration;
			buildSettings = {
				ASSETCATALOG_COMPILER_APPICON_NAME = AppIcon;
				CODE_SIGN_STYLE = Automatic;
				DEVELOPMENT_ASSET_PATHS = "\"Spots/Preview Content\"";
				DEVELOPMENT_TEAM = CWCTLCYKBW;
				ENABLE_PREVIEWS = YES;
				INFOPLIST_FILE = Spots/Info.plist;
				LD_RUNPATH_SEARCH_PATHS = (
					"$(inherited)",
					"@executable_path/Frameworks",
				);
				PRODUCT_BUNDLE_IDENTIFIER = Alex.Spots;
				PRODUCT_NAME = "$(TARGET_NAME)";
				SWIFT_VERSION = 5.0;
				TARGETED_DEVICE_FAMILY = "1,2";
			};
			name = Release;
		};
		FAE5160A24A687FA00E0CA08 /* Debug */ = {
			isa = XCBuildConfiguration;
			buildSettings = {
				ALWAYS_EMBED_SWIFT_STANDARD_LIBRARIES = YES;
				BUNDLE_LOADER = "$(TEST_HOST)";
				CODE_SIGN_STYLE = Automatic;
				DEVELOPMENT_TEAM = CWCTLCYKBW;
				INFOPLIST_FILE = SpotsTests/Info.plist;
				IPHONEOS_DEPLOYMENT_TARGET = 13.2;
				LD_RUNPATH_SEARCH_PATHS = (
					"$(inherited)",
					"@executable_path/Frameworks",
					"@loader_path/Frameworks",
				);
				PRODUCT_BUNDLE_IDENTIFIER = Alex.SpotsTests;
				PRODUCT_NAME = "$(TARGET_NAME)";
				SWIFT_VERSION = 5.0;
				TARGETED_DEVICE_FAMILY = "1,2";
				TEST_HOST = "$(BUILT_PRODUCTS_DIR)/Spots.app/Spots";
			};
			name = Debug;
		};
		FAE5160B24A687FA00E0CA08 /* Release */ = {
			isa = XCBuildConfiguration;
			buildSettings = {
				ALWAYS_EMBED_SWIFT_STANDARD_LIBRARIES = YES;
				BUNDLE_LOADER = "$(TEST_HOST)";
				CODE_SIGN_STYLE = Automatic;
				DEVELOPMENT_TEAM = CWCTLCYKBW;
				INFOPLIST_FILE = SpotsTests/Info.plist;
				IPHONEOS_DEPLOYMENT_TARGET = 13.2;
				LD_RUNPATH_SEARCH_PATHS = (
					"$(inherited)",
					"@executable_path/Frameworks",
					"@loader_path/Frameworks",
				);
				PRODUCT_BUNDLE_IDENTIFIER = Alex.SpotsTests;
				PRODUCT_NAME = "$(TARGET_NAME)";
				SWIFT_VERSION = 5.0;
				TARGETED_DEVICE_FAMILY = "1,2";
				TEST_HOST = "$(BUILT_PRODUCTS_DIR)/Spots.app/Spots";
			};
			name = Release;
		};
/* End XCBuildConfiguration section */

/* Begin XCConfigurationList section */
		FAE515E224A687F900E0CA08 /* Build configuration list for PBXProject "Spots" */ = {
			isa = XCConfigurationList;
			buildConfigurations = (
				FAE5160424A687FA00E0CA08 /* Debug */,
				FAE5160524A687FA00E0CA08 /* Release */,
			);
			defaultConfigurationIsVisible = 0;
			defaultConfigurationName = Release;
		};
		FAE5160624A687FA00E0CA08 /* Build configuration list for PBXNativeTarget "Spots" */ = {
			isa = XCConfigurationList;
			buildConfigurations = (
				FAE5160724A687FA00E0CA08 /* Debug */,
				FAE5160824A687FA00E0CA08 /* Release */,
			);
			defaultConfigurationIsVisible = 0;
			defaultConfigurationName = Release;
		};
		FAE5160924A687FA00E0CA08 /* Build configuration list for PBXNativeTarget "SpotsTests" */ = {
			isa = XCConfigurationList;
			buildConfigurations = (
				FAE5160A24A687FA00E0CA08 /* Debug */,
				FAE5160B24A687FA00E0CA08 /* Release */,
			);
			defaultConfigurationIsVisible = 0;
			defaultConfigurationName = Release;
		};
/* End XCConfigurationList section */
	};
	rootObject = FAE515DF24A687F900E0CA08 /* Project object */;
}
